<?xml version="1.0" encoding="utf-8"?>
<Project ToolsVersion="4.0" xmlns="http://schemas.microsoft.com/developer/msbuild/2003">
  <ItemGroup>
    <ClCompile Include="..\..\..\..\..\src\libout123\buffer.c" />
    <ClCompile Include="..\..\..\..\..\src\libout123\legacy_module.c" />
    <ClCompile Include="..\..\..\..\..\src\libout123\libout123.c" />
    <ClCompile Include="..\..\..\..\..\src\libout123\module.c" />
    <ClCompile Include="..\..\..\..\..\src\libout123\sfifo.c" />
    <ClCompile Include="..\..\..\..\..\src\libout123\stringlists.c" />
    <ClCompile Include="..\..\..\..\..\src\libout123\wav.c" />
    <ClCompile Include="..\..\..\..\..\src\libout123\xfermem.c" />
    <ClCompile Include="..\..\..\..\..\src\libout123\modules\dummy.c">
      <Filter>modules</Filter>
    </ClCompile>
    <ClCompile Include="..\..\..\..\..\src\libout123\modules\win32.c">
      <Filter>modules</Filter>
    </ClCompile>
    <ClCompile Include="..\..\..\..\..\src\libout123\modules\win32_wasapi.c">
      <Filter>modules</Filter>
    </ClCompile>
    <ClCompile Include="..\..\..\..\..\src\compat\compat.c" />
    <ClCompile Include="..\..\..\..\..\src\compat\compat_str.c" />
  </ItemGroup>
  <ItemGroup>
    <ClInclude Include="..\..\..\..\..\src\libout123\buffer.h" />
    <ClInclude Include="..\..\..\..\..\src\libout123\module.h" />
    <ClInclude Include="..\..\..\..\..\src\libout123\out123_int.h" />
    <ClInclude Include="..\..\..\..\..\src\libout123\sfifo.h" />
    <ClInclude Include="..\..\..\..\..\src\libout123\stringlists.h" />
    <ClInclude Include="..\..\..\..\..\src\libout123\wav.h" />
    <ClInclude Include="..\..\..\..\..\src\libout123\wavhead.h" />
    <ClInclude Include="..\..\..\..\..\src\libout123\xfermem.h" />
    <ClInclude Include="..\..\..\out123.h" />
    <ClInclude Include="..\..\..\..\..\src\compat\compat.h" />
  </ItemGroup>
  <ItemGroup>
    <None Include="..\..\..\..\..\src\libout123\out123.h.in" />
  </ItemGroup>
  <ItemGroup>
    <Filter Include="modules">
      <UniqueIdentifier>{18b05899-c3ca-4b34-8646-608fecc4d9b8}</UniqueIdentifier>
    </Filter>
  </ItemGroup>
</Project>